
Microsoft Visual Studio Solution File, Format Version 12.00
# Visual Studio 2012
Project("{E24C65DC-7377-472B-9ABA-BC803B73C61A}") = "Source", ".", "{8FBB91F1-22AC-4FBA-B219-C522018DB9AB}"
	ProjectSection(WebsiteProperties) = preProject
		TargetFrameworkMoniker = ".NETFramework,Version%3Dv2.0"
		Debug.AspNetCompiler.VirtualPath = "/OnLineExam"
		Debug.AspNetCompiler.PhysicalPath = "E:\项目\wwb调试\审核后台源码\考试系统OnLineExam_29a99734-fe53-46d7-8a0f-8374412afc96\OnLineExam\"
		Debug.AspNetCompiler.TargetPath = "PrecompiledWeb\OnLineExam\"
		Debug.AspNetCompiler.Updateable = "true"
		Debug.AspNetCompiler.ForceOverwrite = "true"
		Debug.AspNetCompiler.FixedNames = "false"
		Debug.AspNetCompiler.Debug = "True"
		Release.AspNetCompiler.VirtualPath = "/OnLineExam"
		Release.AspNetCompiler.PhysicalPath = "E:\项目\wwb调试\审核后台源码\考试系统OnLineExam_29a99734-fe53-46d7-8a0f-8374412afc96\OnLineExam\"
		Release.AspNetCompiler.TargetPath = "PrecompiledWeb\OnLineExam\"
		Release.AspNetCompiler.Updateable = "true"
		Release.AspNetCompiler.ForceOverwrite = "true"
		Release.AspNetCompiler.FixedNames = "false"
		Release.AspNetCompiler.Debug = "False"
		VWDPort = "3079"
	EndProjectSection
EndProject
Global
	GlobalSection(SolutionConfigurationPlatforms) = preSolution
		Debug|.NET = Debug|.NET
	EndGlobalSection
	GlobalSection(ProjectConfigurationPlatforms) = postSolution
		{8FBB91F1-22AC-4FBA-B219-C522018DB9AB}.Debug|.NET.ActiveCfg = Debug|Any CPU
	EndGlobalSection
	GlobalSection(SolutionProperties) = preSolution
		HideSolutionNode = FALSE
	EndGlobalSection
EndGlobal
